
Microsoft Visual Studio Solution File, Format Version 12.00
# Visual Studio Version 17
VisualStudioVersion = 17.7.34024.191
MinimumVisualStudioVersion = 10.0.40219.1
Project("{FAE04EC0-301F-11D3-BF4B-00C04F79EFBC}") = "Practica 08", "Practica 08.csproj", "{DDD4CE39-D59A-44D6-8061-AC3BA9EF3447}"
EndProject
Global
	GlobalSection(SolutionConfigurationPlatforms) = preSolution
		Debug|Any CPU = Debug|Any CPU
		Release|Any CPU = Release|Any CPU
	EndGlobalSection
	GlobalSection(ProjectConfigurationPlatforms) = postSolution
		{DDD4CE39-D59A-44D6-8061-AC3BA9EF3447}.Debug|Any CPU.ActiveCfg = Debug|Any CPU
		{DDD4CE39-D59A-44D6-8061-AC3BA9EF3447}.Debug|Any CPU.Build.0 = Debug|Any CPU
		{DDD4CE39-D59A-44D6-8061-AC3BA9EF3447}.Release|Any CPU.ActiveCfg = Release|Any CPU
		{DDD4CE39-D59A-44D6-8061-AC3BA9EF3447}.Release|Any CPU.Build.0 = Release|Any CPU
	EndGlobalSection
	GlobalSection(SolutionProperties) = preSolution
		HideSolutionNode = FALSE
	EndGlobalSection
	GlobalSection(ExtensibilityGlobals) = postSolution
		SolutionGuid = {F8E7C62E-0A20-494C-9BBC-536F27D1D025}
	EndGlobalSection
EndGlobal
